
Microsoft Visual Studio Solution File, Format Version 12.00
# Visual Studio Version 17
VisualStudioVersion = 17.0.31717.71
MinimumVisualStudioVersion = 10.0.40219.1
Project("{9A19103F-16F7-4668-BE54-9A1E7A4F7556}") = "OkayegTeaTime", "OkayegTeaTime\OkayegTeaTime.csproj", "{AE3A8884-C469-46F2-846A-AEC1B45E588C}"
EndProject
Project("{9A19103F-16F7-4668-BE54-9A1E7A4F7556}") = "OkayegTeaTime.Tests", "OkayegTeaTime.Tests\OkayegTeaTime.Tests.csproj", "{DFA47320-94AA-4704-991E-7A3590DC0458}"
EndProject
Project("{FAE04EC0-301F-11D3-BF4B-00C04F79EFBC}") = "OkayegTeaTime.Tools", "OkayegTeaTime.Tools\OkayegTeaTime.Tools.csproj", "{7A9B97F5-1DD5-4FE6-960E-05F9D0D0CFD8}"
EndProject
Project("{FAE04EC0-301F-11D3-BF4B-00C04F79EFBC}") = "OkayegTeaTime.Resources", "OkayegTeaTime.Resources\OkayegTeaTime.Resources.csproj", "{24FEB921-0DF9-4BD4-AE5A-0FB562AC6161}"
EndProject
Project("{FAE04EC0-301F-11D3-BF4B-00C04F79EFBC}") = "OkayegTeaTime.Database", "OkayegTeaTime.Database\OkayegTeaTime.Database.csproj", "{88299CB6-016F-4F48-8871-CC2B9C179E3F}"
EndProject
Project("{FAE04EC0-301F-11D3-BF4B-00C04F79EFBC}") = "OkayegTeaTime.Settings", "OkayegTeaTime.Settings\OkayegTeaTime.Settings.csproj", "{42F2E102-DD55-4DF1-BDD1-EFC55BCB2BF4}"
EndProject
Project("{FAE04EC0-301F-11D3-BF4B-00C04F79EFBC}") = "OkayegTeaTime.Spotify", "OkayegTeaTime.Spotify\OkayegTeaTime.Spotify.csproj", "{044A1AD0-F11E-4064-BBBD-40375933FA8B}"
EndProject
Project("{FAE04EC0-301F-11D3-BF4B-00C04F79EFBC}") = "OkayegTeaTime.Utils", "OkayegTeaTime.Utils\OkayegTeaTime.Utils.csproj", "{0209CD79-B111-4DE7-BFEE-3E2550737FAF}"
EndProject
Project("{FAE04EC0-301F-11D3-BF4B-00C04F79EFBC}") = "OkayegTeaTime.Twitch", "OkayegTeaTime.Twitch\OkayegTeaTime.Twitch.csproj", "{4C9340A4-4E1A-4ED6-A045-5C4059AE0F42}"
EndProject
Global
	GlobalSection(SolutionConfigurationPlatforms) = preSolution
		Debug|Any CPU = Debug|Any CPU
		Release|Any CPU = Release|Any CPU
	EndGlobalSection
	GlobalSection(ProjectConfigurationPlatforms) = postSolution
		{AE3A8884-C469-46F2-846A-AEC1B45E588C}.Debug|Any CPU.ActiveCfg = Debug|Any CPU
		{AE3A8884-C469-46F2-846A-AEC1B45E588C}.Debug|Any CPU.Build.0 = Debug|Any CPU
		{AE3A8884-C469-46F2-846A-AEC1B45E588C}.Release|Any CPU.ActiveCfg = Release|Any CPU
		{AE3A8884-C469-46F2-846A-AEC1B45E588C}.Release|Any CPU.Build.0 = Release|Any CPU
		{DFA47320-94AA-4704-991E-7A3590DC0458}.Debug|Any CPU.ActiveCfg = Debug|Any CPU
		{DFA47320-94AA-4704-991E-7A3590DC0458}.Debug|Any CPU.Build.0 = Debug|Any CPU
		{DFA47320-94AA-4704-991E-7A3590DC0458}.Release|Any CPU.ActiveCfg = Release|Any CPU
		{DFA47320-94AA-4704-991E-7A3590DC0458}.Release|Any CPU.Build.0 = Release|Any CPU
		{7A9B97F5-1DD5-4FE6-960E-05F9D0D0CFD8}.Debug|Any CPU.ActiveCfg = Debug|Any CPU
		{7A9B97F5-1DD5-4FE6-960E-05F9D0D0CFD8}.Debug|Any CPU.Build.0 = Debug|Any CPU
		{7A9B97F5-1DD5-4FE6-960E-05F9D0D0CFD8}.Release|Any CPU.ActiveCfg = Release|Any CPU
		{7A9B97F5-1DD5-4FE6-960E-05F9D0D0CFD8}.Release|Any CPU.Build.0 = Release|Any CPU
		{24FEB921-0DF9-4BD4-AE5A-0FB562AC6161}.Debug|Any CPU.ActiveCfg = Debug|Any CPU
		{24FEB921-0DF9-4BD4-AE5A-0FB562AC6161}.Debug|Any CPU.Build.0 = Debug|Any CPU
		{24FEB921-0DF9-4BD4-AE5A-0FB562AC6161}.Release|Any CPU.ActiveCfg = Release|Any CPU
		{24FEB921-0DF9-4BD4-AE5A-0FB562AC6161}.Release|Any CPU.Build.0 = Release|Any CPU
		{88299CB6-016F-4F48-8871-CC2B9C179E3F}.Debug|Any CPU.ActiveCfg = Debug|Any CPU
		{88299CB6-016F-4F48-8871-CC2B9C179E3F}.Debug|Any CPU.Build.0 = Debug|Any CPU
		{88299CB6-016F-4F48-8871-CC2B9C179E3F}.Release|Any CPU.ActiveCfg = Release|Any CPU
		{88299CB6-016F-4F48-8871-CC2B9C179E3F}.Release|Any CPU.Build.0 = Release|Any CPU
		{42F2E102-DD55-4DF1-BDD1-EFC55BCB2BF4}.Debug|Any CPU.ActiveCfg = Debug|Any CPU
		{42F2E102-DD55-4DF1-BDD1-EFC55BCB2BF4}.Debug|Any CPU.Build.0 = Debug|Any CPU
		{42F2E102-DD55-4DF1-BDD1-EFC55BCB2BF4}.Release|Any CPU.ActiveCfg = Release|Any CPU
		{42F2E102-DD55-4DF1-BDD1-EFC55BCB2BF4}.Release|Any CPU.Build.0 = Release|Any CPU
		{044A1AD0-F11E-4064-BBBD-40375933FA8B}.Debug|Any CPU.ActiveCfg = Debug|Any CPU
		{044A1AD0-F11E-4064-BBBD-40375933FA8B}.Debug|Any CPU.Build.0 = Debug|Any CPU
		{044A1AD0-F11E-4064-BBBD-40375933FA8B}.Release|Any CPU.ActiveCfg = Release|Any CPU
		{044A1AD0-F11E-4064-BBBD-40375933FA8B}.Release|Any CPU.Build.0 = Release|Any CPU
		{0209CD79-B111-4DE7-BFEE-3E2550737FAF}.Debug|Any CPU.ActiveCfg = Debug|Any CPU
		{0209CD79-B111-4DE7-BFEE-3E2550737FAF}.Debug|Any CPU.Build.0 = Debug|Any CPU
		{0209CD79-B111-4DE7-BFEE-3E2550737FAF}.Release|Any CPU.ActiveCfg = Release|Any CPU
		{0209CD79-B111-4DE7-BFEE-3E2550737FAF}.Release|Any CPU.Build.0 = Release|Any CPU
		{4C9340A4-4E1A-4ED6-A045-5C4059AE0F42}.Debug|Any CPU.ActiveCfg = Debug|Any CPU
		{4C9340A4-4E1A-4ED6-A045-5C4059AE0F42}.Debug|Any CPU.Build.0 = Debug|Any CPU
		{4C9340A4-4E1A-4ED6-A045-5C4059AE0F42}.Release|Any CPU.ActiveCfg = Release|Any CPU
		{4C9340A4-4E1A-4ED6-A045-5C4059AE0F42}.Release|Any CPU.Build.0 = Release|Any CPU
	EndGlobalSection
	GlobalSection(SolutionProperties) = preSolution
		HideSolutionNode = FALSE
	EndGlobalSection
	GlobalSection(ExtensibilityGlobals) = postSolution
		SolutionGuid = {4FBC1BF3-27DD-4DE4-852B-586D3D48E684}
	EndGlobalSection
EndGlobal
