
Microsoft Visual Studio Solution File, Format Version 12.00
# Visual Studio Version 16
VisualStudioVersion = 16.0.31205.134
MinimumVisualStudioVersion = 10.0.40219.1
Project("{FAE04EC0-301F-11D3-BF4B-00C04F79EFBC}") = "OkayegTeaTimeCSharp", "OkayegTeaTimeCSharp\OkayegTeaTimeCSharp.csproj", "{AE3A8884-C469-46F2-846A-AEC1B45E588C}"
EndProject
Global
	GlobalSection(SolutionConfigurationPlatforms) = preSolution
		Debug|Any CPU = Debug|Any CPU
		Release|Any CPU = Release|Any CPU
	EndGlobalSection
	GlobalSection(ProjectConfigurationPlatforms) = postSolution
		{AE3A8884-C469-46F2-846A-AEC1B45E588C}.Debug|Any CPU.ActiveCfg = Debug|Any CPU
		{AE3A8884-C469-46F2-846A-AEC1B45E588C}.Debug|Any CPU.Build.0 = Debug|Any CPU
		{AE3A8884-C469-46F2-846A-AEC1B45E588C}.Release|Any CPU.ActiveCfg = Release|Any CPU
		{AE3A8884-C469-46F2-846A-AEC1B45E588C}.Release|Any CPU.Build.0 = Release|Any CPU
	EndGlobalSection
	GlobalSection(SolutionProperties) = preSolution
		HideSolutionNode = FALSE
	EndGlobalSection
	GlobalSection(ExtensibilityGlobals) = postSolution
		SolutionGuid = {4FBC1BF3-27DD-4DE4-852B-586D3D48E684}
	EndGlobalSection
EndGlobal
