github.com/ahmetb/go-linq v3.0.0+incompatible h1:qQkjjOXKrKOTy83X8OpRmnKflXKQIL/mC/gMVVDMhOA=
github.com/ahmetb/go-linq v3.0.0+incompatible/go.mod h1:PFffvbdbtw+QTB0WKRP0cNht7vnCfnGlEpak/DVg5cY=
github.com/mitchellh/go-ps v1.0.0 h1:i6ampVEEF4wQFF+bkYfwYgY+F/uYJDktmvLPf7qIgjc=
github.com/mitchellh/go-ps v1.0.0/go.mod h1:J4lOc8z8yJs6vUwklHw2XEIiT4z4C40KtWVN3nvg8Pg=
